
Microsoft Visual Studio Solution File, Format Version 11.00
# Visual Studio 2010
Project("{FAE04EC0-301F-11D3-BF4B-00C04F79EFBC}") = "NDESharp", "NDESharp\NDESharp.csproj", "{FF4A640D-12E5-40DE-981B-217C19CD1F32}"
EndProject
Project("{FAE04EC0-301F-11D3-BF4B-00C04F79EFBC}") = "TestProject", "TestProject\TestProject.csproj", "{18AFF81C-8A6F-494C-BE7B-54009F5EC98B}"
EndProject
Global
	GlobalSection(SolutionConfigurationPlatforms) = preSolution
		Debug|Any CPU = Debug|Any CPU
		Debug|Mixed Platforms = Debug|Mixed Platforms
		Debug|x86 = Debug|x86
		Release|Any CPU = Release|Any CPU
		Release|Mixed Platforms = Release|Mixed Platforms
		Release|x86 = Release|x86
	EndGlobalSection
	GlobalSection(ProjectConfigurationPlatforms) = postSolution
		{FF4A640D-12E5-40DE-981B-217C19CD1F32}.Debug|Any CPU.ActiveCfg = Debug|Any CPU
		{FF4A640D-12E5-40DE-981B-217C19CD1F32}.Debug|Any CPU.Build.0 = Debug|Any CPU
		{FF4A640D-12E5-40DE-981B-217C19CD1F32}.Debug|Mixed Platforms.ActiveCfg = Debug|Any CPU
		{FF4A640D-12E5-40DE-981B-217C19CD1F32}.Debug|Mixed Platforms.Build.0 = Debug|Any CPU
		{FF4A640D-12E5-40DE-981B-217C19CD1F32}.Debug|x86.ActiveCfg = Debug|Any CPU
		{FF4A640D-12E5-40DE-981B-217C19CD1F32}.Release|Any CPU.ActiveCfg = Release|Any CPU
		{FF4A640D-12E5-40DE-981B-217C19CD1F32}.Release|Any CPU.Build.0 = Release|Any CPU
		{FF4A640D-12E5-40DE-981B-217C19CD1F32}.Release|Mixed Platforms.ActiveCfg = Release|Any CPU
		{FF4A640D-12E5-40DE-981B-217C19CD1F32}.Release|Mixed Platforms.Build.0 = Release|Any CPU
		{FF4A640D-12E5-40DE-981B-217C19CD1F32}.Release|x86.ActiveCfg = Release|Any CPU
		{18AFF81C-8A6F-494C-BE7B-54009F5EC98B}.Debug|Any CPU.ActiveCfg = Debug|x86
		{18AFF81C-8A6F-494C-BE7B-54009F5EC98B}.Debug|Mixed Platforms.ActiveCfg = Debug|x86
		{18AFF81C-8A6F-494C-BE7B-54009F5EC98B}.Debug|Mixed Platforms.Build.0 = Debug|x86
		{18AFF81C-8A6F-494C-BE7B-54009F5EC98B}.Debug|x86.ActiveCfg = Debug|x86
		{18AFF81C-8A6F-494C-BE7B-54009F5EC98B}.Debug|x86.Build.0 = Debug|x86
		{18AFF81C-8A6F-494C-BE7B-54009F5EC98B}.Release|Any CPU.ActiveCfg = Release|x86
		{18AFF81C-8A6F-494C-BE7B-54009F5EC98B}.Release|Mixed Platforms.ActiveCfg = Release|x86
		{18AFF81C-8A6F-494C-BE7B-54009F5EC98B}.Release|Mixed Platforms.Build.0 = Release|x86
		{18AFF81C-8A6F-494C-BE7B-54009F5EC98B}.Release|x86.ActiveCfg = Release|x86
		{18AFF81C-8A6F-494C-BE7B-54009F5EC98B}.Release|x86.Build.0 = Release|x86
	EndGlobalSection
	GlobalSection(SolutionProperties) = preSolution
		HideSolutionNode = FALSE
	EndGlobalSection
EndGlobal
